// !$*UTF8*$!
{
	archiveVersion = 1;
	classes = {
	};
	objectVersion = 55;
	objects = {

/* Begin PBXBuildFile section */
		D36D3D59299CA1640089F7D8 /* CollectionViewCell2.swift in Sources */ = {isa = PBXBuildFile; fileRef = D36D3D58299CA1640089F7D8 /* CollectionViewCell2.swift */; };
		D3A84D59299B626B00CD2878 /* AppDelegate.swift in Sources */ = {isa = PBXBuildFile; fileRef = D3A84D58299B626B00CD2878 /* AppDelegate.swift */; };
		D3A84D5B299B626B00CD2878 /* SceneDelegate.swift in Sources */ = {isa = PBXBuildFile; fileRef = D3A84D5A299B626B00CD2878 /* SceneDelegate.swift */; };
		D3A84D5D299B626B00CD2878 /* ViewController.swift in Sources */ = {isa = PBXBuildFile; fileRef = D3A84D5C299B626B00CD2878 /* ViewController.swift */; };
		D3A84D60299B626B00CD2878 /* Main.storyboard in Resources */ = {isa = PBXBuildFile; fileRef = D3A84D5E299B626B00CD2878 /* Main.storyboard */; };
		D3A84D62299B626D00CD2878 /* Assets.xcassets in Resources */ = {isa = PBXBuildFile; fileRef = D3A84D61299B626D00CD2878 /* Assets.xcassets */; };
		D3A84D65299B626D00CD2878 /* LaunchScreen.storyboard in Resources */ = {isa = PBXBuildFile; fileRef = D3A84D63299B626D00CD2878 /* LaunchScreen.storyboard */; };
		D3A84D70299B626D00CD2878 /* Customcollection_viewTests.swift in Sources */ = {isa = PBXBuildFile; fileRef = D3A84D6F299B626D00CD2878 /* Customcollection_viewTests.swift */; };
		D3A84D7A299B626D00CD2878 /* Customcollection_viewUITests.swift in Sources */ = {isa = PBXBuildFile; fileRef = D3A84D79299B626D00CD2878 /* Customcollection_viewUITests.swift */; };
		D3A84D7C299B626D00CD2878 /* Customcollection_viewUITestsLaunchTests.swift in Sources */ = {isa = PBXBuildFile; fileRef = D3A84D7B299B626D00CD2878 /* Customcollection_viewUITestsLaunchTests.swift */; };
/* End PBXBuildFile section */

/* Begin PBXContainerItemProxy section */
		D3A84D6C299B626D00CD2878 /* PBXContainerItemProxy */ = {
			isa = PBXContainerItemProxy;
			containerPortal = D3A84D4D299B626B00CD2878 /* Project object */;
			proxyType = 1;
			remoteGlobalIDString = D3A84D54299B626B00CD2878;
			remoteInfo = "Customcollection view";
		};
		D3A84D76299B626D00CD2878 /* PBXContainerItemProxy */ = {
			isa = PBXContainerItemProxy;
			containerPortal = D3A84D4D299B626B00CD2878 /* Project object */;
			proxyType = 1;
			remoteGlobalIDString = D3A84D54299B626B00CD2878;
			remoteInfo = "Customcollection view";
		};
/* End PBXContainerItemProxy section */

/* Begin PBXFileReference section */
		D36D3D58299CA1640089F7D8 /* CollectionViewCell2.swift */ = {isa = PBXFileReference; lastKnownFileType = sourcecode.swift; path = CollectionViewCell2.swift; sourceTree = "<group>"; };
		D3A84D55299B626B00CD2878 /* Customcollection view.app */ = {isa = PBXFileReference; explicitFileType = wrapper.application; includeInIndex = 0; path = "Customcollection view.app"; sourceTree = BUILT_PRODUCTS_DIR; };
		D3A84D58299B626B00CD2878 /* AppDelegate.swift */ = {isa = PBXFileReference; lastKnownFileType = sourcecode.swift; path = AppDelegate.swift; sourceTree = "<group>"; };
		D3A84D5A299B626B00CD2878 /* SceneDelegate.swift */ = {isa = PBXFileReference; lastKnownFileType = sourcecode.swift; path = SceneDelegate.swift; sourceTree = "<group>"; };
		D3A84D5C299B626B00CD2878 /* ViewController.swift */ = {isa = PBXFileReference; lastKnownFileType = sourcecode.swift; path = ViewController.swift; sourceTree = "<group>"; };
		D3A84D5F299B626B00CD2878 /* Base */ = {isa = PBXFileReference; lastKnownFileType = file.storyboard; name = Base; path = Base.lproj/Main.storyboard; sourceTree = "<group>"; };
		D3A84D61299B626D00CD2878 /* Assets.xcassets */ = {isa = PBXFileReference; lastKnownFileType = folder.assetcatalog; path = Assets.xcassets; sourceTree = "<group>"; };
		D3A84D64299B626D00CD2878 /* Base */ = {isa = PBXFileReference; lastKnownFileType = file.storyboard; name = Base; path = Base.lproj/LaunchScreen.storyboard; sourceTree = "<group>"; };
		D3A84D66299B626D00CD2878 /* Info.plist */ = {isa = PBXFileReference; lastKnownFileType = text.plist.xml; path = Info.plist; sourceTree = "<group>"; };
		D3A84D6B299B626D00CD2878 /* Customcollection viewTests.xctest */ = {isa = PBXFileReference; explicitFileType = wrapper.cfbundle; includeInIndex = 0; path = "Customcollection viewTests.xctest"; sourceTree = BUILT_PRODUCTS_DIR; };
		D3A84D6F299B626D00CD2878 /* Customcollection_viewTests.swift */ = {isa = PBXFileReference; lastKnownFileType = sourcecode.swift; path = Customcollection_viewTests.swift; sourceTree = "<group>"; };
		D3A84D75299B626D00CD2878 /* Customcollection viewUITests.xctest */ = {isa = PBXFileReference; explicitFileType = wrapper.cfbundle; includeInIndex = 0; path = "Customcollection viewUITests.xctest"; sourceTree = BUILT_PRODUCTS_DIR; };
		D3A84D79299B626D00CD2878 /* Customcollection_viewUITests.swift */ = {isa = PBXFileReference; lastKnownFileType = sourcecode.swift; path = Customcollection_viewUITests.swift; sourceTree = "<group>"; };
		D3A84D7B299B626D00CD2878 /* Customcollection_viewUITestsLaunchTests.swift */ = {isa = PBXFileReference; lastKnownFileType = sourcecode.swift; path = Customcollection_viewUITestsLaunchTests.swift; sourceTree = "<group>"; };
/* End PBXFileReference section */

/* Begin PBXFrameworksBuildPhase section */
		D3A84D52299B626B00CD2878 /* Frameworks */ = {
			isa = PBXFrameworksBuildPhase;
			buildActionMask = 2147483647;
			files = (
			);
			runOnlyForDeploymentPostprocessing = 0;
		};
		D3A84D68299B626D00CD2878 /* Frameworks */ = {
			isa = PBXFrameworksBuildPhase;
			buildActionMask = 2147483647;
			files = (
			);
			runOnlyForDeploymentPostprocessing = 0;
		};
		D3A84D72299B626D00CD2878 /* Frameworks */ = {
			isa = PBXFrameworksBuildPhase;
			buildActionMask = 2147483647;
			files = (
			);
			runOnlyForDeploymentPostprocessing = 0;
		};
/* End PBXFrameworksBuildPhase section */

/* Begin PBXGroup section */
		D3A84D4C299B626B00CD2878 = {
			isa = PBXGroup;
			children = (
				D36D3D58299CA1640089F7D8 /* CollectionViewCell2.swift */,
				D3A84D57299B626B00CD2878 /* Customcollection view */,
				D3A84D6E299B626D00CD2878 /* Customcollection viewTests */,
				D3A84D78299B626D00CD2878 /* Customcollection viewUITests */,
				D3A84D56299B626B00CD2878 /* Products */,
			);
			sourceTree = "<group>";
		};
		D3A84D56299B626B00CD2878 /* Products */ = {
			isa = PBXGroup;
			children = (
				D3A84D55299B626B00CD2878 /* Customcollection view.app */,
				D3A84D6B299B626D00CD2878 /* Customcollection viewTests.xctest */,
				D3A84D75299B626D00CD2878 /* Customcollection viewUITests.xctest */,
			);
			name = Products;
			sourceTree = "<group>";
		};
		D3A84D57299B626B00CD2878 /* Customcollection view */ = {
			isa = PBXGroup;
			children = (
				D3A84D58299B626B00CD2878 /* AppDelegate.swift */,
				D3A84D5A299B626B00CD2878 /* SceneDelegate.swift */,
				D3A84D5C299B626B00CD2878 /* ViewController.swift */,
				D3A84D5E299B626B00CD2878 /* Main.storyboard */,
				D3A84D61299B626D00CD2878 /* Assets.xcassets */,
				D3A84D63299B626D00CD2878 /* LaunchScreen.storyboard */,
				D3A84D66299B626D00CD2878 /* Info.plist */,
			);
			path = "Customcollection view";
			sourceTree = "<group>";
		};
		D3A84D6E299B626D00CD2878 /* Customcollection viewTests */ = {
			isa = PBXGroup;
			children = (
				D3A84D6F299B626D00CD2878 /* Customcollection_viewTests.swift */,
			);
			path = "Customcollection viewTests";
			sourceTree = "<group>";
		};
		D3A84D78299B626D00CD2878 /* Customcollection viewUITests */ = {
			isa = PBXGroup;
			children = (
				D3A84D79299B626D00CD2878 /* Customcollection_viewUITests.swift */,
				D3A84D7B299B626D00CD2878 /* Customcollection_viewUITestsLaunchTests.swift */,
			);
			path = "Customcollection viewUITests";
			sourceTree = "<group>";
		};
/* End PBXGroup section */

/* Begin PBXNativeTarget section */
		D3A84D54299B626B00CD2878 /* Customcollection view */ = {
			isa = PBXNativeTarget;
			buildConfigurationList = D3A84D7F299B626D00CD2878 /* Build configuration list for PBXNativeTarget "Customcollection view" */;
			buildPhases = (
				D3A84D51299B626B00CD2878 /* Sources */,
				D3A84D52299B626B00CD2878 /* Frameworks */,
				D3A84D53299B626B00CD2878 /* Resources */,
			);
			buildRules = (
			);
			dependencies = (
			);
			name = "Customcollection view";
			productName = "Customcollection view";
			productReference = D3A84D55299B626B00CD2878 /* Customcollection view.app */;
			productType = "com.apple.product-type.application";
		};
		D3A84D6A299B626D00CD2878 /* Customcollection viewTests */ = {
			isa = PBXNativeTarget;
			buildConfigurationList = D3A84D82299B626D00CD2878 /* Build configuration list for PBXNativeTarget "Customcollection viewTests" */;
			buildPhases = (
				D3A84D67299B626D00CD2878 /* Sources */,
				D3A84D68299B626D00CD2878 /* Frameworks */,
				D3A84D69299B626D00CD2878 /* Resources */,
			);
			buildRules = (
			);
			dependencies = (
				D3A84D6D299B626D00CD2878 /* PBXTargetDependency */,
			);
			name = "Customcollection viewTests";
			productName = "Customcollection viewTests";
			productReference = D3A84D6B299B626D00CD2878 /* Customcollection viewTests.xctest */;
			productType = "com.apple.product-type.bundle.unit-test";
		};
		D3A84D74299B626D00CD2878 /* Customcollection viewUITests */ = {
			isa = PBXNativeTarget;
			buildConfigurationList = D3A84D85299B626D00CD2878 /* Build configuration list for PBXNativeTarget "Customcollection viewUITests" */;
			buildPhases = (
				D3A84D71299B626D00CD2878 /* Sources */,
				D3A84D72299B626D00CD2878 /* Frameworks */,
				D3A84D73299B626D00CD2878 /* Resources */,
			);
			buildRules = (
			);
			dependencies = (
				D3A84D77299B626D00CD2878 /* PBXTargetDependency */,
			);
			name = "Customcollection viewUITests";
			productName = "Customcollection viewUITests";
			productReference = D3A84D75299B626D00CD2878 /* Customcollection viewUITests.xctest */;
			productType = "com.apple.product-type.bundle.ui-testing";
		};
/* End PBXNativeTarget section */

/* Begin PBXProject section */
		D3A84D4D299B626B00CD2878 /* Project object */ = {
			isa = PBXProject;
			attributes = {
				BuildIndependentTargetsInParallel = 1;
				LastSwiftUpdateCheck = 1300;
				LastUpgradeCheck = 1300;
				TargetAttributes = {
					D3A84D54299B626B00CD2878 = {
						CreatedOnToolsVersion = 13.0;
					};
					D3A84D6A299B626D00CD2878 = {
						CreatedOnToolsVersion = 13.0;
						TestTargetID = D3A84D54299B626B00CD2878;
					};
					D3A84D74299B626D00CD2878 = {
						CreatedOnToolsVersion = 13.0;
						TestTargetID = D3A84D54299B626B00CD2878;
					};
				};
			};
			buildConfigurationList = D3A84D50299B626B00CD2878 /* Build configuration list for PBXProject "Customcollection view" */;
			compatibilityVersion = "Xcode 13.0";
			developmentRegion = en;
			hasScannedForEncodings = 0;
			knownRegions = (
				en,
				Base,
			);
			mainGroup = D3A84D4C299B626B00CD2878;
			productRefGroup = D3A84D56299B626B00CD2878 /* Products */;
			projectDirPath = "";
			projectRoot = "";
			targets = (
				D3A84D54299B626B00CD2878 /* Customcollection view */,
				D3A84D6A299B626D00CD2878 /* Customcollection viewTests */,
				D3A84D74299B626D00CD2878 /* Customcollection viewUITests */,
			);
		};
/* End PBXProject section */

/* Begin PBXResourcesBuildPhase section */
		D3A84D53299B626B00CD2878 /* Resources */ = {
			isa = PBXResourcesBuildPhase;
			buildActionMask = 2147483647;
			files = (
				D3A84D65299B626D00CD2878 /* LaunchScreen.storyboard in Resources */,
				D3A84D62299B626D00CD2878 /* Assets.xcassets in Resources */,
				D3A84D60299B626B00CD2878 /* Main.storyboard in Resources */,
			);
			runOnlyForDeploymentPostprocessing = 0;
		};
		D3A84D69299B626D00CD2878 /* Resources */ = {
			isa = PBXResourcesBuildPhase;
			buildActionMask = 2147483647;
			files = (
			);
			runOnlyForDeploymentPostprocessing = 0;
		};
		D3A84D73299B626D00CD2878 /* Resources */ = {
			isa = PBXResourcesBuildPhase;
			buildActionMask = 2147483647;
			files = (
			);
			runOnlyForDeploymentPostprocessing = 0;
		};
/* End PBXResourcesBuildPhase section */

/* Begin PBXSourcesBuildPhase section */
		D3A84D51299B626B00CD2878 /* Sources */ = {
			isa = PBXSourcesBuildPhase;
			buildActionMask = 2147483647;
			files = (
				D3A84D5D299B626B00CD2878 /* ViewController.swift in Sources */,
				D3A84D59299B626B00CD2878 /* AppDelegate.swift in Sources */,
				D36D3D59299CA1640089F7D8 /* CollectionViewCell2.swift in Sources */,
				D3A84D5B299B626B00CD2878 /* SceneDelegate.swift in Sources */,
			);
			runOnlyForDeploymentPostprocessing = 0;
		};
		D3A84D67299B626D00CD2878 /* Sources */ = {
			isa = PBXSourcesBuildPhase;
			buildActionMask = 2147483647;
			files = (
				D3A84D70299B626D00CD2878 /* Customcollection_viewTests.swift in Sources */,
			);
			runOnlyForDeploymentPostprocessing = 0;
		};
		D3A84D71299B626D00CD2878 /* Sources */ = {
			isa = PBXSourcesBuildPhase;
			buildActionMask = 2147483647;
			files = (
				D3A84D7C299B626D00CD2878 /* Customcollection_viewUITestsLaunchTests.swift in Sources */,
				D3A84D7A299B626D00CD2878 /* Customcollection_viewUITests.swift in Sources */,
			);
			runOnlyForDeploymentPostprocessing = 0;
		};
/* End PBXSourcesBuildPhase section */

/* Begin PBXTargetDependency section */
		D3A84D6D299B626D00CD2878 /* PBXTargetDependency */ = {
			isa = PBXTargetDependency;
			target = D3A84D54299B626B00CD2878 /* Customcollection view */;
			targetProxy = D3A84D6C299B626D00CD2878 /* PBXContainerItemProxy */;
		};
		D3A84D77299B626D00CD2878 /* PBXTargetDependency */ = {
			isa = PBXTargetDependency;
			target = D3A84D54299B626B00CD2878 /* Customcollection view */;
			targetProxy = D3A84D76299B626D00CD2878 /* PBXContainerItemProxy */;
		};
/* End PBXTargetDependency section */

/* Begin PBXVariantGroup section */
		D3A84D5E299B626B00CD2878 /* Main.storyboard */ = {
			isa = PBXVariantGroup;
			children = (
				D3A84D5F299B626B00CD2878 /* Base */,
			);
			name = Main.storyboard;
			sourceTree = "<group>";
		};
		D3A84D63299B626D00CD2878 /* LaunchScreen.storyboard */ = {
			isa = PBXVariantGroup;
			children = (
				D3A84D64299B626D00CD2878 /* Base */,
			);
			name = LaunchScreen.storyboard;
			sourceTree = "<group>";
		};
/* End PBXVariantGroup section */

/* Begin XCBuildConfiguration section */
		D3A84D7D299B626D00CD2878 /* Debug */ = {
			isa = XCBuildConfiguration;
			buildSettings = {
				ALWAYS_SEARCH_USER_PATHS = NO;
				CLANG_ANALYZER_NONNULL = YES;
				CLANG_ANALYZER_NUMBER_OBJECT_CONVERSION = YES_AGGRESSIVE;
				CLANG_CXX_LANGUAGE_STANDARD = "gnu++17";
				CLANG_CXX_LIBRARY = "libc++";
				CLANG_ENABLE_MODULES = YES;
				CLANG_ENABLE_OBJC_ARC = YES;
				CLANG_ENABLE_OBJC_WEAK = YES;
				CLANG_WARN_BLOCK_CAPTURE_AUTORELEASING = YES;
				CLANG_WARN_BOOL_CONVERSION = YES;
				CLANG_WARN_COMMA = YES;
				CLANG_WARN_CONSTANT_CONVERSION = YES;
				CLANG_WARN_DEPRECATED_OBJC_IMPLEMENTATIONS = YES;
				CLANG_WARN_DIRECT_OBJC_ISA_USAGE = YES_ERROR;
				CLANG_WARN_DOCUMENTATION_COMMENTS = YES;
				CLANG_WARN_EMPTY_BODY = YES;
				CLANG_WARN_ENUM_CONVERSION = YES;
				CLANG_WARN_INFINITE_RECURSION = YES;
				CLANG_WARN_INT_CONVERSION = YES;
				CLANG_WARN_NON_LITERAL_NULL_CONVERSION = YES;
				CLANG_WARN_OBJC_IMPLICIT_RETAIN_SELF = YES;
				CLANG_WARN_OBJC_LITERAL_CONVERSION = YES;
				CLANG_WARN_OBJC_ROOT_CLASS = YES_ERROR;
				CLANG_WARN_QUOTED_INCLUDE_IN_FRAMEWORK_HEADER = YES;
				CLANG_WARN_RANGE_LOOP_ANALYSIS = YES;
				CLANG_WARN_STRICT_PROTOTYPES = YES;
				CLANG_WARN_SUSPICIOUS_MOVE = YES;
				CLANG_WARN_UNGUARDED_AVAILABILITY = YES_AGGRESSIVE;
				CLANG_WARN_UNREACHABLE_CODE = YES;
				CLANG_WARN__DUPLICATE_METHOD_MATCH = YES;
				COPY_PHASE_STRIP = NO;
				DEBUG_INFORMATION_FORMAT = dwarf;
				ENABLE_STRICT_OBJC_MSGSEND = YES;
				ENABLE_TESTABILITY = YES;
				GCC_C_LANGUAGE_STANDARD = gnu11;
				GCC_DYNAMIC_NO_PIC = NO;
				GCC_NO_COMMON_BLOCKS = YES;
				GCC_OPTIMIZATION_LEVEL = 0;
				GCC_PREPROCESSOR_DEFINITIONS = (
					"DEBUG=1",
					"$(inherited)",
				);
				GCC_WARN_64_TO_32_BIT_CONVERSION = YES;
				GCC_WARN_ABOUT_RETURN_TYPE = YES_ERROR;
				GCC_WARN_UNDECLARED_SELECTOR = YES;
				GCC_WARN_UNINITIALIZED_AUTOS = YES_AGGRESSIVE;
				GCC_WARN_UNUSED_FUNCTION = YES;
				GCC_WARN_UNUSED_VARIABLE = YES;
				IPHONEOS_DEPLOYMENT_TARGET = 15.0;
				MTL_ENABLE_DEBUG_INFO = INCLUDE_SOURCE;
				MTL_FAST_MATH = YES;
				ONLY_ACTIVE_ARCH = YES;
				SDKROOT = iphoneos;
				SWIFT_ACTIVE_COMPILATION_CONDITIONS = DEBUG;
				SWIFT_OPTIMIZATION_LEVEL = "-Onone";
			};
			name = Debug;
		};
		D3A84D7E299B626D00CD2878 /* Release */ = {
			isa = XCBuildConfiguration;
			buildSettings = {
				ALWAYS_SEARCH_USER_PATHS = NO;
				CLANG_ANALYZER_NONNULL = YES;
				CLANG_ANALYZER_NUMBER_OBJECT_CONVERSION = YES_AGGRESSIVE;
				CLANG_CXX_LANGUAGE_STANDARD = "gnu++17";
				CLANG_CXX_LIBRARY = "libc++";
				CLANG_ENABLE_MODULES = YES;
				CLANG_ENABLE_OBJC_ARC = YES;
				CLANG_ENABLE_OBJC_WEAK = YES;
				CLANG_WARN_BLOCK_CAPTURE_AUTORELEASING = YES;
				CLANG_WARN_BOOL_CONVERSION = YES;
				CLANG_WARN_COMMA = YES;
				CLANG_WARN_CONSTANT_CONVERSION = YES;
				CLANG_WARN_DEPRECATED_OBJC_IMPLEMENTATIONS = YES;
				CLANG_WARN_DIRECT_OBJC_ISA_USAGE = YES_ERROR;
				CLANG_WARN_DOCUMENTATION_COMMENTS = YES;
				CLANG_WARN_EMPTY_BODY = YES;
				CLANG_WARN_ENUM_CONVERSION = YES;
				CLANG_WARN_INFINITE_RECURSION = YES;
				CLANG_WARN_INT_CONVERSION = YES;
				CLANG_WARN_NON_LITERAL_NULL_CONVERSION = YES;
				CLANG_WARN_OBJC_IMPLICIT_RETAIN_SELF = YES;
				CLANG_WARN_OBJC_LITERAL_CONVERSION = YES;
				CLANG_WARN_OBJC_ROOT_CLASS = YES_ERROR;
				CLANG_WARN_QUOTED_INCLUDE_IN_FRAMEWORK_HEADER = YES;
				CLANG_WARN_RANGE_LOOP_ANALYSIS = YES;
				CLANG_WARN_STRICT_PROTOTYPES = YES;
				CLANG_WARN_SUSPICIOUS_MOVE = YES;
				CLANG_WARN_UNGUARDED_AVAILABILITY = YES_AGGRESSIVE;
				CLANG_WARN_UNREACHABLE_CODE = YES;
				CLANG_WARN__DUPLICATE_METHOD_MATCH = YES;
				COPY_PHASE_STRIP = NO;
				DEBUG_INFORMATION_FORMAT = "dwarf-with-dsym";
				ENABLE_NS_ASSERTIONS = NO;
				ENABLE_STRICT_OBJC_MSGSEND = YES;
				GCC_C_LANGUAGE_STANDARD = gnu11;
				GCC_NO_COMMON_BLOCKS = YES;
				GCC_WARN_64_TO_32_BIT_CONVERSION = YES;
				GCC_WARN_ABOUT_RETURN_TYPE = YES_ERROR;
				GCC_WARN_UNDECLARED_SELECTOR = YES;
				GCC_WARN_UNINITIALIZED_AUTOS = YES_AGGRESSIVE;
				GCC_WARN_UNUSED_FUNCTION = YES;
				GCC_WARN_UNUSED_VARIABLE = YES;
				IPHONEOS_DEPLOYMENT_TARGET = 15.0;
				MTL_ENABLE_DEBUG_INFO = NO;
				MTL_FAST_MATH = YES;
				SDKROOT = iphoneos;
				SWIFT_COMPILATION_MODE = wholemodule;
				SWIFT_OPTIMIZATION_LEVEL = "-O";
				VALIDATE_PRODUCT = YES;
			};
			name = Release;
		};
		D3A84D80299B626D00CD2878 /* Debug */ = {
			isa = XCBuildConfiguration;
			buildSettings = {
				ASSETCATALOG_COMPILER_APPICON_NAME = AppIcon;
				ASSETCATALOG_COMPILER_GLOBAL_ACCENT_COLOR_NAME = AccentColor;
				CODE_SIGN_STYLE = Automatic;
				CURRENT_PROJECT_VERSION = 1;
				GENERATE_INFOPLIST_FILE = YES;
				INFOPLIST_FILE = "Customcollection view/Info.plist";
				INFOPLIST_KEY_UIApplicationSupportsIndirectInputEvents = YES;
				INFOPLIST_KEY_UILaunchStoryboardName = LaunchScreen;
				INFOPLIST_KEY_UIMainStoryboardFile = Main;
				INFOPLIST_KEY_UISupportedInterfaceOrientations_iPad = "UIInterfaceOrientationPortrait UIInterfaceOrientationPortraitUpsideDown UIInterfaceOrientationLandscapeLeft UIInterfaceOrientationLandscapeRight";
				INFOPLIST_KEY_UISupportedInterfaceOrientations_iPhone = "UIInterfaceOrientationPortrait UIInterfaceOrientationLandscapeLeft UIInterfaceOrientationLandscapeRight";
				LD_RUNPATH_SEARCH_PATHS = (
					"$(inherited)",
					"@executable_path/Frameworks",
				);
				MARKETING_VERSION = 1.0;
				PRODUCT_BUNDLE_IDENTIFIER = "com.rnw.Customcollection-view";
				PRODUCT_NAME = "$(TARGET_NAME)";
				SWIFT_EMIT_LOC_STRINGS = YES;
				SWIFT_VERSION = 5.0;
				TARGETED_DEVICE_FAMILY = "1,2";
			};
			name = Debug;
		};
		D3A84D81299B626D00CD2878 /* Release */ = {
			isa = XCBuildConfiguration;
			buildSettings = {
				ASSETCATALOG_COMPILER_APPICON_NAME = AppIcon;
				ASSETCATALOG_COMPILER_GLOBAL_ACCENT_COLOR_NAME = AccentColor;
				CODE_SIGN_STYLE = Automatic;
				CURRENT_PROJECT_VERSION = 1;
				GENERATE_INFOPLIST_FILE = YES;
				INFOPLIST_FILE = "Customcollection view/Info.plist";
				INFOPLIST_KEY_UIApplicationSupportsIndirectInputEvents = YES;
				INFOPLIST_KEY_UILaunchStoryboardName = LaunchScreen;
				INFOPLIST_KEY_UIMainStoryboardFile = Main;
				INFOPLIST_KEY_UISupportedInterfaceOrientations_iPad = "UIInterfaceOrientationPortrait UIInterfaceOrientationPortraitUpsideDown UIInterfaceOrientationLandscapeLeft UIInterfaceOrientationLandscapeRight";
				INFOPLIST_KEY_UISupportedInterfaceOrientations_iPhone = "UIInterfaceOrientationPortrait UIInterfaceOrientationLandscapeLeft UIInterfaceOrientationLandscapeRight";
				LD_RUNPATH_SEARCH_PATHS = (
					"$(inherited)",
					"@executable_path/Frameworks",
				);
				MARKETING_VERSION = 1.0;
				PRODUCT_BUNDLE_IDENTIFIER = "com.rnw.Customcollection-view";
				PRODUCT_NAME = "$(TARGET_NAME)";
				SWIFT_EMIT_LOC_STRINGS = YES;
				SWIFT_VERSION = 5.0;
				TARGETED_DEVICE_FAMILY = "1,2";
			};
			name = Release;
		};
		D3A84D83299B626D00CD2878 /* Debug */ = {
			isa = XCBuildConfiguration;
			buildSettings = {
				ALWAYS_EMBED_SWIFT_STANDARD_LIBRARIES = YES;
				BUNDLE_LOADER = "$(TEST_HOST)";
				CODE_SIGN_STYLE = Automatic;
				CURRENT_PROJECT_VERSION = 1;
				GENERATE_INFOPLIST_FILE = YES;
				IPHONEOS_DEPLOYMENT_TARGET = 15.0;
				LD_RUNPATH_SEARCH_PATHS = (
					"$(inherited)",
					"@executable_path/Frameworks",
					"@loader_path/Frameworks",
				);
				MARKETING_VERSION = 1.0;
				PRODUCT_BUNDLE_IDENTIFIER = "com.rnw.Customcollection-viewTests";
				PRODUCT_NAME = "$(TARGET_NAME)";
				SWIFT_EMIT_LOC_STRINGS = NO;
				SWIFT_VERSION = 5.0;
				TARGETED_DEVICE_FAMILY = "1,2";
				TEST_HOST = "$(BUILT_PRODUCTS_DIR)/Customcollection view.app/Customcollection view";
			};
			name = Debug;
		};
		D3A84D84299B626D00CD2878 /* Release */ = {
			isa = XCBuildConfiguration;
			buildSettings = {
				ALWAYS_EMBED_SWIFT_STANDARD_LIBRARIES = YES;
				BUNDLE_LOADER = "$(TEST_HOST)";
				CODE_SIGN_STYLE = Automatic;
				CURRENT_PROJECT_VERSION = 1;
				GENERATE_INFOPLIST_FILE = YES;
				IPHONEOS_DEPLOYMENT_TARGET = 15.0;
				LD_RUNPATH_SEARCH_PATHS = (
					"$(inherited)",
					"@executable_path/Frameworks",
					"@loader_path/Frameworks",
				);
				MARKETING_VERSION = 1.0;
				PRODUCT_BUNDLE_IDENTIFIER = "com.rnw.Customcollection-viewTests";
				PRODUCT_NAME = "$(TARGET_NAME)";
				SWIFT_EMIT_LOC_STRINGS = NO;
				SWIFT_VERSION = 5.0;
				TARGETED_DEVICE_FAMILY = "1,2";
				TEST_HOST = "$(BUILT_PRODUCTS_DIR)/Customcollection view.app/Customcollection view";
			};
			name = Release;
		};
		D3A84D86299B626D00CD2878 /* Debug */ = {
			isa = XCBuildConfiguration;
			buildSettings = {
				ALWAYS_EMBED_SWIFT_STANDARD_LIBRARIES = YES;
				CODE_SIGN_STYLE = Automatic;
				CURRENT_PROJECT_VERSION = 1;
				GENERATE_INFOPLIST_FILE = YES;
				LD_RUNPATH_SEARCH_PATHS = (
					"$(inherited)",
					"@executable_path/Frameworks",
					"@loader_path/Frameworks",
				);
				MARKETING_VERSION = 1.0;
				PRODUCT_BUNDLE_IDENTIFIER = "com.rnw.Customcollection-viewUITests";
				PRODUCT_NAME = "$(TARGET_NAME)";
				SWIFT_EMIT_LOC_STRINGS = NO;
				SWIFT_VERSION = 5.0;
				TARGETED_DEVICE_FAMILY = "1,2";
				TEST_TARGET_NAME = "Customcollection view";
			};
			name = Debug;
		};
		D3A84D87299B626D00CD2878 /* Release */ = {
			isa = XCBuildConfiguration;
			buildSettings = {
				ALWAYS_EMBED_SWIFT_STANDARD_LIBRARIES = YES;
				CODE_SIGN_STYLE = Automatic;
				CURRENT_PROJECT_VERSION = 1;
				GENERATE_INFOPLIST_FILE = YES;
				LD_RUNPATH_SEARCH_PATHS = (
					"$(inherited)",
					"@executable_path/Frameworks",
					"@loader_path/Frameworks",
				);
				MARKETING_VERSION = 1.0;
				PRODUCT_BUNDLE_IDENTIFIER = "com.rnw.Customcollection-viewUITests";
				PRODUCT_NAME = "$(TARGET_NAME)";
				SWIFT_EMIT_LOC_STRINGS = NO;
				SWIFT_VERSION = 5.0;
				TARGETED_DEVICE_FAMILY = "1,2";
				TEST_TARGET_NAME = "Customcollection view";
			};
			name = Release;
		};
/* End XCBuildConfiguration section */

/* Begin XCConfigurationList section */
		D3A84D50299B626B00CD2878 /* Build configuration list for PBXProject "Customcollection view" */ = {
			isa = XCConfigurationList;
			buildConfigurations = (
				D3A84D7D299B626D00CD2878 /* Debug */,
				D3A84D7E299B626D00CD2878 /* Release */,
			);
			defaultConfigurationIsVisible = 0;
			defaultConfigurationName = Release;
		};
		D3A84D7F299B626D00CD2878 /* Build configuration list for PBXNativeTarget "Customcollection view" */ = {
			isa = XCConfigurationList;
			buildConfigurations = (
				D3A84D80299B626D00CD2878 /* Debug */,
				D3A84D81299B626D00CD2878 /* Release */,
			);
			defaultConfigurationIsVisible = 0;
			defaultConfigurationName = Release;
		};
		D3A84D82299B626D00CD2878 /* Build configuration list for PBXNativeTarget "Customcollection viewTests" */ = {
			isa = XCConfigurationList;
			buildConfigurations = (
				D3A84D83299B626D00CD2878 /* Debug */,
				D3A84D84299B626D00CD2878 /* Release */,
			);
			defaultConfigurationIsVisible = 0;
			defaultConfigurationName = Release;
		};
		D3A84D85299B626D00CD2878 /* Build configuration list for PBXNativeTarget "Customcollection viewUITests" */ = {
			isa = XCConfigurationList;
			buildConfigurations = (
				D3A84D86299B626D00CD2878 /* Debug */,
				D3A84D87299B626D00CD2878 /* Release */,
			);
			defaultConfigurationIsVisible = 0;
			defaultConfigurationName = Release;
		};
/* End XCConfigurationList section */
	};
	rootObject = D3A84D4D299B626B00CD2878 /* Project object */;
}
